
Microsoft Visual Studio Solution File, Format Version 12.00
# Visual Studio Version 17
VisualStudioVersion = 17.7.34024.191
MinimumVisualStudioVersion = 10.0.40219.1
Project("{FAE04EC0-301F-11D3-BF4B-00C04F79EFBC}") = "StartupOne.Api.AspNet", "StartupOne.Api.AspNet\StartupOne.Api.AspNet.csproj", "{01F4797A-1BC7-4195-AA5B-85C48185A8C9}"
EndProject
Global
	GlobalSection(SolutionConfigurationPlatforms) = preSolution
		Debug|Any CPU = Debug|Any CPU
		Release|Any CPU = Release|Any CPU
	EndGlobalSection
	GlobalSection(ProjectConfigurationPlatforms) = postSolution
		{01F4797A-1BC7-4195-AA5B-85C48185A8C9}.Debug|Any CPU.ActiveCfg = Debug|Any CPU
		{01F4797A-1BC7-4195-AA5B-85C48185A8C9}.Debug|Any CPU.Build.0 = Debug|Any CPU
		{01F4797A-1BC7-4195-AA5B-85C48185A8C9}.Release|Any CPU.ActiveCfg = Release|Any CPU
		{01F4797A-1BC7-4195-AA5B-85C48185A8C9}.Release|Any CPU.Build.0 = Release|Any CPU
	EndGlobalSection
	GlobalSection(SolutionProperties) = preSolution
		HideSolutionNode = FALSE
	EndGlobalSection
	GlobalSection(ExtensibilityGlobals) = postSolution
		SolutionGuid = {28BFD2DB-F125-4FC2-AA40-ACC51D2FF66C}
	EndGlobalSection
EndGlobal
